// !$*UTF8*$!
{
	archiveVersion = 1;
	classes = {
	};
	objectVersion = 46;
	objects = {

/* Begin PBXBuildFile section */
		D80999C119B9ADA0003091F9 /* Images.xcassets in Resources */ = {isa = PBXBuildFile; fileRef = D80999C019B9ADA0003091F9 /* Images.xcassets */; };
		D831069219AD94F3006676BA /* Models.m in Sources */ = {isa = PBXBuildFile; fileRef = D831069119AD94F3006676BA /* Models.m */; };
		D84718B319AC5CAC000106EC /* FMDatabase.m in Sources */ = {isa = PBXBuildFile; fileRef = D84718A919AC5CAC000106EC /* FMDatabase.m */; };
		D84718B419AC5CAC000106EC /* FMDatabase.m in Sources */ = {isa = PBXBuildFile; fileRef = D84718A919AC5CAC000106EC /* FMDatabase.m */; };
		D84718B519AC5CAC000106EC /* FMDatabaseAdditions.m in Sources */ = {isa = PBXBuildFile; fileRef = D84718AB19AC5CAC000106EC /* FMDatabaseAdditions.m */; };
		D84718B619AC5CAC000106EC /* FMDatabaseAdditions.m in Sources */ = {isa = PBXBuildFile; fileRef = D84718AB19AC5CAC000106EC /* FMDatabaseAdditions.m */; };
		D84718B719AC5CAC000106EC /* FMDatabasePool.m in Sources */ = {isa = PBXBuildFile; fileRef = D84718AD19AC5CAC000106EC /* FMDatabasePool.m */; };
		D84718B819AC5CAC000106EC /* FMDatabasePool.m in Sources */ = {isa = PBXBuildFile; fileRef = D84718AD19AC5CAC000106EC /* FMDatabasePool.m */; };
		D84718B919AC5CAC000106EC /* FMDatabaseQueue.m in Sources */ = {isa = PBXBuildFile; fileRef = D84718AF19AC5CAC000106EC /* FMDatabaseQueue.m */; };
		D84718BA19AC5CAC000106EC /* FMDatabaseQueue.m in Sources */ = {isa = PBXBuildFile; fileRef = D84718AF19AC5CAC000106EC /* FMDatabaseQueue.m */; };
		D84718BB19AC5CAC000106EC /* FMResultSet.m in Sources */ = {isa = PBXBuildFile; fileRef = D84718B219AC5CAC000106EC /* FMResultSet.m */; };
		D84718BC19AC5CAC000106EC /* FMResultSet.m in Sources */ = {isa = PBXBuildFile; fileRef = D84718B219AC5CAC000106EC /* FMResultSet.m */; };
		D84718C019AC5D66000106EC /* JY_DBHelper.m in Sources */ = {isa = PBXBuildFile; fileRef = D84718BF19AC5D66000106EC /* JY_DBHelper.m */; };
		D84718C119AC5D66000106EC /* JY_DBHelper.m in Sources */ = {isa = PBXBuildFile; fileRef = D84718BF19AC5D66000106EC /* JY_DBHelper.m */; };
		D84718C919AC632C000106EC /* CarVC.m in Sources */ = {isa = PBXBuildFile; fileRef = D84718C819AC632C000106EC /* CarVC.m */; };
		D84718CA19AC632C000106EC /* CarVC.m in Sources */ = {isa = PBXBuildFile; fileRef = D84718C819AC632C000106EC /* CarVC.m */; };
		D84718CC19AC77AB000106EC /* libsqlite3.0.dylib in Frameworks */ = {isa = PBXBuildFile; fileRef = D84718CB19AC77AB000106EC /* libsqlite3.0.dylib */; };
		D85FE77019A5A6150058E73E /* PPRevealSideViewController.m in Sources */ = {isa = PBXBuildFile; fileRef = D85FE76F19A5A6150058E73E /* PPRevealSideViewController.m */; };
		D85FE77619A5B5DE0058E73E /* JY_FundationAdditions.m in Sources */ = {isa = PBXBuildFile; fileRef = D85FE77519A5B5DE0058E73E /* JY_FundationAdditions.m */; };
		D85FE77919A5B76B0058E73E /* Reachability.m in Sources */ = {isa = PBXBuildFile; fileRef = D85FE77819A5B76B0058E73E /* Reachability.m */; };
		D85FE77F19A5BA470058E73E /* Main.xib in Resources */ = {isa = PBXBuildFile; fileRef = D85FE77E19A5BA470058E73E /* Main.xib */; };
		D85FE78119A5BC470058E73E /* CFNetwork.framework in Frameworks */ = {isa = PBXBuildFile; fileRef = D85FE78019A5BC470058E73E /* CFNetwork.framework */; };
		D85FE78319A5BE100058E73E /* SystemConfiguration.framework in Frameworks */ = {isa = PBXBuildFile; fileRef = D85FE78219A5BE100058E73E /* SystemConfiguration.framework */; };
		D85FE78619A5C1E20058E73E /* AboutVC.m in Sources */ = {isa = PBXBuildFile; fileRef = D85FE78519A5C1E20058E73E /* AboutVC.m */; };
		D867F03C19A73B1900697CF8 /* NSData+AESCrypt.m in Sources */ = {isa = PBXBuildFile; fileRef = D867F03819A73B1900697CF8 /* NSData+AESCrypt.m */; };
		D867F03D19A73B1900697CF8 /* NSString+AESCrypt.m in Sources */ = {isa = PBXBuildFile; fileRef = D867F03A19A73B1900697CF8 /* NSString+AESCrypt.m */; };
		D86C6DD219A867A80071A96A /* Foundation.framework in Frameworks */ = {isa = PBXBuildFile; fileRef = E0865F6915875F9100B46B63 /* Foundation.framework */; };
		D86C6DD319A867A80071A96A /* UIKit.framework in Frameworks */ = {isa = PBXBuildFile; fileRef = E0865F6715875F9100B46B63 /* UIKit.framework */; };
		D86C6DD919A867A80071A96A /* InfoPlist.strings in Resources */ = {isa = PBXBuildFile; fileRef = D86C6DD719A867A80071A96A /* InfoPlist.strings */; };
		D86C6DDB19A867A80071A96A /* Cars_Tests.m in Sources */ = {isa = PBXBuildFile; fileRef = D86C6DDA19A867A80071A96A /* Cars_Tests.m */; };
		D86C6DE319A8F3970071A96A /* XCTest.framework in Frameworks */ = {isa = PBXBuildFile; fileRef = D86C6DE219A8F3970071A96A /* XCTest.framework */; };
		D86C6DE419A8F9050071A96A /* JY_FundationAdditions.m in Sources */ = {isa = PBXBuildFile; fileRef = D85FE77519A5B5DE0058E73E /* JY_FundationAdditions.m */; };
		D86C6DE519A8F9080071A96A /* JY_Request.m in Sources */ = {isa = PBXBuildFile; fileRef = D8700CE719A6E30800FBF0F9 /* JY_Request.m */; };
		D8700CE119A5E27B00FBF0F9 /* InfoVC.m in Sources */ = {isa = PBXBuildFile; fileRef = D8700CE019A5E27B00FBF0F9 /* InfoVC.m */; };
		D8700CE419A5E4DC00FBF0F9 /* LoginVC.m in Sources */ = {isa = PBXBuildFile; fileRef = D8700CE319A5E4DC00FBF0F9 /* LoginVC.m */; };
		D8700CE819A6E30800FBF0F9 /* JY_Request.m in Sources */ = {isa = PBXBuildFile; fileRef = D8700CE719A6E30800FBF0F9 /* JY_Request.m */; };
		D8744DFC19AD71FB0015C32D /* AppointmentVC.m in Sources */ = {isa = PBXBuildFile; fileRef = D8744DFB19AD71FB0015C32D /* AppointmentVC.m */; };
		D888F1E819BE938900F94A88 /* JY_StdVC.m in Sources */ = {isa = PBXBuildFile; fileRef = D888F1E719BE938900F94A88 /* JY_StdVC.m */; };
		D8B6B9FC19B849970080FDD4 /* User.m in Sources */ = {isa = PBXBuildFile; fileRef = D8B6B9FB19B849970080FDD4 /* User.m */; };
		D8B6B9FF19B859BA0080FDD4 /* UserVC.m in Sources */ = {isa = PBXBuildFile; fileRef = D8B6B9FE19B859BA0080FDD4 /* UserVC.m */; };
		D8E0134319BEA6C100FB40EC /* Add.xib in Resources */ = {isa = PBXBuildFile; fileRef = D8E0134219BEA6C100FB40EC /* Add.xib */; };
		D8E0134619BEA7C400FB40EC /* LinkVC.m in Sources */ = {isa = PBXBuildFile; fileRef = D8E0134519BEA7C400FB40EC /* LinkVC.m */; };
		D8E0134919BFF2DA00FB40EC /* CarlogVC.m in Sources */ = {isa = PBXBuildFile; fileRef = D8E0134819BFF2DA00FB40EC /* CarlogVC.m */; };
		D8F9046819B59BF300FD3581 /* ShopVC.m in Sources */ = {isa = PBXBuildFile; fileRef = D8F9046719B59BF300FD3581 /* ShopVC.m */; };
		E0865F6815875F9100B46B63 /* UIKit.framework in Frameworks */ = {isa = PBXBuildFile; fileRef = E0865F6715875F9100B46B63 /* UIKit.framework */; };
		E0865F6A15875F9100B46B63 /* Foundation.framework in Frameworks */ = {isa = PBXBuildFile; fileRef = E0865F6915875F9100B46B63 /* Foundation.framework */; };
		E0865F6C15875F9100B46B63 /* CoreGraphics.framework in Frameworks */ = {isa = PBXBuildFile; fileRef = E0865F6B15875F9100B46B63 /* CoreGraphics.framework */; };
		E0865F7215875F9100B46B63 /* InfoPlist.strings in Resources */ = {isa = PBXBuildFile; fileRef = E0865F7015875F9100B46B63 /* InfoPlist.strings */; };
		E0865F7415875F9100B46B63 /* main.m in Sources */ = {isa = PBXBuildFile; fileRef = E0865F7315875F9100B46B63 /* main.m */; };
		E0865F7815875F9100B46B63 /* AppDelegate.m in Sources */ = {isa = PBXBuildFile; fileRef = E0865F7715875F9100B46B63 /* AppDelegate.m */; };
		E0865F8415875FE700B46B63 /* HomeVC.m in Sources */ = {isa = PBXBuildFile; fileRef = E0865F8315875FE700B46B63 /* HomeVC.m */; };
		E0865F8715875FF600B46B63 /* LMenuVC.m in Sources */ = {isa = PBXBuildFile; fileRef = E0865F8615875FF600B46B63 /* LMenuVC.m */; };
/* End PBXBuildFile section */

/* Begin PBXContainerItemProxy section */
		D86C6DDD19A867A80071A96A /* PBXContainerItemProxy */ = {
			isa = PBXContainerItemProxy;
			containerPortal = E0865F5A15875F9000B46B63 /* Project object */;
			proxyType = 1;
			remoteGlobalIDString = E0865F6215875F9100B46B63;
			remoteInfo = Cars;
		};
/* End PBXContainerItemProxy section */

/* Begin PBXFileReference section */
		D80999C019B9ADA0003091F9 /* Images.xcassets */ = {isa = PBXFileReference; lastKnownFileType = folder.assetcatalog; path = Images.xcassets; sourceTree = "<group>"; };
		D831069019AD94F3006676BA /* Models.h */ = {isa = PBXFileReference; fileEncoding = 4; lastKnownFileType = sourcecode.c.h; path = Models.h; sourceTree = "<group>"; };
		D831069119AD94F3006676BA /* Models.m */ = {isa = PBXFileReference; fileEncoding = 4; lastKnownFileType = sourcecode.c.objc; path = Models.m; sourceTree = "<group>"; };
		D84718A819AC5CAC000106EC /* FMDatabase.h */ = {isa = PBXFileReference; fileEncoding = 4; lastKnownFileType = sourcecode.c.h; path = FMDatabase.h; sourceTree = "<group>"; };
		D84718A919AC5CAC000106EC /* FMDatabase.m */ = {isa = PBXFileReference; fileEncoding = 4; lastKnownFileType = sourcecode.c.objc; path = FMDatabase.m; sourceTree = "<group>"; };
		D84718AA19AC5CAC000106EC /* FMDatabaseAdditions.h */ = {isa = PBXFileReference; fileEncoding = 4; lastKnownFileType = sourcecode.c.h; path = FMDatabaseAdditions.h; sourceTree = "<group>"; };
		D84718AB19AC5CAC000106EC /* FMDatabaseAdditions.m */ = {isa = PBXFileReference; fileEncoding = 4; lastKnownFileType = sourcecode.c.objc; path = FMDatabaseAdditions.m; sourceTree = "<group>"; };
		D84718AC19AC5CAC000106EC /* FMDatabasePool.h */ = {isa = PBXFileReference; fileEncoding = 4; lastKnownFileType = sourcecode.c.h; path = FMDatabasePool.h; sourceTree = "<group>"; };
		D84718AD19AC5CAC000106EC /* FMDatabasePool.m */ = {isa = PBXFileReference; fileEncoding = 4; lastKnownFileType = sourcecode.c.objc; path = FMDatabasePool.m; sourceTree = "<group>"; };
		D84718AE19AC5CAC000106EC /* FMDatabaseQueue.h */ = {isa = PBXFileReference; fileEncoding = 4; lastKnownFileType = sourcecode.c.h; path = FMDatabaseQueue.h; sourceTree = "<group>"; };
		D84718AF19AC5CAC000106EC /* FMDatabaseQueue.m */ = {isa = PBXFileReference; fileEncoding = 4; lastKnownFileType = sourcecode.c.objc; path = FMDatabaseQueue.m; sourceTree = "<group>"; };
		D84718B019AC5CAC000106EC /* FMDB.h */ = {isa = PBXFileReference; fileEncoding = 4; lastKnownFileType = sourcecode.c.h; path = FMDB.h; sourceTree = "<group>"; };
		D84718B119AC5CAC000106EC /* FMResultSet.h */ = {isa = PBXFileReference; fileEncoding = 4; lastKnownFileType = sourcecode.c.h; path = FMResultSet.h; sourceTree = "<group>"; };
		D84718B219AC5CAC000106EC /* FMResultSet.m */ = {isa = PBXFileReference; fileEncoding = 4; lastKnownFileType = sourcecode.c.objc; path = FMResultSet.m; sourceTree = "<group>"; };
		D84718BE19AC5D66000106EC /* JY_DBHelper.h */ = {isa = PBXFileReference; fileEncoding = 4; lastKnownFileType = sourcecode.c.h; path = JY_DBHelper.h; sourceTree = "<group>"; };
		D84718BF19AC5D66000106EC /* JY_DBHelper.m */ = {isa = PBXFileReference; fileEncoding = 4; lastKnownFileType = sourcecode.c.objc; path = JY_DBHelper.m; sourceTree = "<group>"; };
		D84718C719AC632C000106EC /* CarVC.h */ = {isa = PBXFileReference; fileEncoding = 4; lastKnownFileType = sourcecode.c.h; path = CarVC.h; sourceTree = "<group>"; };
		D84718C819AC632C000106EC /* CarVC.m */ = {isa = PBXFileReference; fileEncoding = 4; lastKnownFileType = sourcecode.c.objc; path = CarVC.m; sourceTree = "<group>"; };
		D84718CB19AC77AB000106EC /* libsqlite3.0.dylib */ = {isa = PBXFileReference; lastKnownFileType = "compiled.mach-o.dylib"; name = libsqlite3.0.dylib; path = usr/lib/libsqlite3.0.dylib; sourceTree = SDKROOT; };
		D85FE76E19A5A6150058E73E /* PPRevealSideViewController.h */ = {isa = PBXFileReference; fileEncoding = 4; lastKnownFileType = sourcecode.c.h; path = PPRevealSideViewController.h; sourceTree = "<group>"; };
		D85FE76F19A5A6150058E73E /* PPRevealSideViewController.m */ = {isa = PBXFileReference; fileEncoding = 4; lastKnownFileType = sourcecode.c.objc; path = PPRevealSideViewController.m; sourceTree = "<group>"; };
		D85FE77419A5B5DE0058E73E /* JY_FundationAdditions.h */ = {isa = PBXFileReference; fileEncoding = 4; lastKnownFileType = sourcecode.c.h; path = JY_FundationAdditions.h; sourceTree = "<group>"; };
		D85FE77519A5B5DE0058E73E /* JY_FundationAdditions.m */ = {isa = PBXFileReference; fileEncoding = 4; lastKnownFileType = sourcecode.c.objc; path = JY_FundationAdditions.m; sourceTree = "<group>"; };
		D85FE77719A5B76B0058E73E /* Reachability.h */ = {isa = PBXFileReference; fileEncoding = 4; lastKnownFileType = sourcecode.c.h; path = Reachability.h; sourceTree = "<group>"; };
		D85FE77819A5B76B0058E73E /* Reachability.m */ = {isa = PBXFileReference; fileEncoding = 4; lastKnownFileType = sourcecode.c.objc; path = Reachability.m; sourceTree = "<group>"; };
		D85FE77D19A5B8870058E73E /* App_Controller.h */ = {isa = PBXFileReference; lastKnownFileType = sourcecode.c.h; path = App_Controller.h; sourceTree = "<group>"; };
		D85FE77E19A5BA470058E73E /* Main.xib */ = {isa = PBXFileReference; fileEncoding = 4; lastKnownFileType = file.xib; path = Main.xib; sourceTree = "<group>"; };
		D85FE78019A5BC470058E73E /* CFNetwork.framework */ = {isa = PBXFileReference; lastKnownFileType = wrapper.framework; name = CFNetwork.framework; path = System/Library/Frameworks/CFNetwork.framework; sourceTree = SDKROOT; };
		D85FE78219A5BE100058E73E /* SystemConfiguration.framework */ = {isa = PBXFileReference; lastKnownFileType = wrapper.framework; name = SystemConfiguration.framework; path = System/Library/Frameworks/SystemConfiguration.framework; sourceTree = SDKROOT; };
		D85FE78419A5C1E20058E73E /* AboutVC.h */ = {isa = PBXFileReference; fileEncoding = 4; lastKnownFileType = sourcecode.c.h; path = AboutVC.h; sourceTree = "<group>"; };
		D85FE78519A5C1E20058E73E /* AboutVC.m */ = {isa = PBXFileReference; fileEncoding = 4; lastKnownFileType = sourcecode.c.objc; path = AboutVC.m; sourceTree = "<group>"; };
		D867F03819A73B1900697CF8 /* NSData+AESCrypt.m */ = {isa = PBXFileReference; fileEncoding = 4; lastKnownFileType = sourcecode.c.objc; path = "NSData+AESCrypt.m"; sourceTree = "<group>"; };
		D867F03919A73B1900697CF8 /* NSData+AESCrypt.h */ = {isa = PBXFileReference; fileEncoding = 4; lastKnownFileType = sourcecode.c.h; path = "NSData+AESCrypt.h"; sourceTree = "<group>"; };
		D867F03A19A73B1900697CF8 /* NSString+AESCrypt.m */ = {isa = PBXFileReference; fileEncoding = 4; lastKnownFileType = sourcecode.c.objc; path = "NSString+AESCrypt.m"; sourceTree = "<group>"; };
		D867F03B19A73B1900697CF8 /* NSString+AESCrypt.h */ = {isa = PBXFileReference; fileEncoding = 4; lastKnownFileType = sourcecode.c.h; path = "NSString+AESCrypt.h"; sourceTree = "<group>"; };
		D86C6DCF19A867A70071A96A /* Cars Tests.xctest */ = {isa = PBXFileReference; explicitFileType = wrapper.cfbundle; includeInIndex = 0; path = "Cars Tests.xctest"; sourceTree = BUILT_PRODUCTS_DIR; };
		D86C6DD619A867A80071A96A /* Cars Tests-Info.plist */ = {isa = PBXFileReference; lastKnownFileType = text.plist.xml; path = "Cars Tests-Info.plist"; sourceTree = "<group>"; };
		D86C6DD819A867A80071A96A /* en */ = {isa = PBXFileReference; lastKnownFileType = text.plist.strings; name = en; path = en.lproj/InfoPlist.strings; sourceTree = "<group>"; };
		D86C6DDA19A867A80071A96A /* Cars_Tests.m */ = {isa = PBXFileReference; lastKnownFileType = sourcecode.c.objc; path = Cars_Tests.m; sourceTree = "<group>"; };
		D86C6DDC19A867A80071A96A /* Cars Tests-Prefix.pch */ = {isa = PBXFileReference; lastKnownFileType = sourcecode.c.h; path = "Cars Tests-Prefix.pch"; sourceTree = "<group>"; };
		D86C6DE219A8F3970071A96A /* XCTest.framework */ = {isa = PBXFileReference; lastKnownFileType = wrapper.framework; name = XCTest.framework; path = Library/Frameworks/XCTest.framework; sourceTree = DEVELOPER_DIR; };
		D8700CDF19A5E27B00FBF0F9 /* InfoVC.h */ = {isa = PBXFileReference; fileEncoding = 4; lastKnownFileType = sourcecode.c.h; path = InfoVC.h; sourceTree = "<group>"; };
		D8700CE019A5E27B00FBF0F9 /* InfoVC.m */ = {isa = PBXFileReference; fileEncoding = 4; lastKnownFileType = sourcecode.c.objc; path = InfoVC.m; sourceTree = "<group>"; };
		D8700CE219A5E4DC00FBF0F9 /* LoginVC.h */ = {isa = PBXFileReference; fileEncoding = 4; lastKnownFileType = sourcecode.c.h; path = LoginVC.h; sourceTree = "<group>"; };
		D8700CE319A5E4DC00FBF0F9 /* LoginVC.m */ = {isa = PBXFileReference; fileEncoding = 4; lastKnownFileType = sourcecode.c.objc; path = LoginVC.m; sourceTree = "<group>"; };
		D8700CE619A6E30800FBF0F9 /* JY_Request.h */ = {isa = PBXFileReference; fileEncoding = 4; lastKnownFileType = sourcecode.c.h; path = JY_Request.h; sourceTree = "<group>"; };
		D8700CE719A6E30800FBF0F9 /* JY_Request.m */ = {isa = PBXFileReference; fileEncoding = 4; lastKnownFileType = sourcecode.c.objc; path = JY_Request.m; sourceTree = "<group>"; };
		D8744DFA19AD71FB0015C32D /* AppointmentVC.h */ = {isa = PBXFileReference; fileEncoding = 4; lastKnownFileType = sourcecode.c.h; path = AppointmentVC.h; sourceTree = "<group>"; };
		D8744DFB19AD71FB0015C32D /* AppointmentVC.m */ = {isa = PBXFileReference; fileEncoding = 4; lastKnownFileType = sourcecode.c.objc; path = AppointmentVC.m; sourceTree = "<group>"; };
		D888F1E619BE938900F94A88 /* JY_StdVC.h */ = {isa = PBXFileReference; fileEncoding = 4; lastKnownFileType = sourcecode.c.h; path = JY_StdVC.h; sourceTree = "<group>"; };
		D888F1E719BE938900F94A88 /* JY_StdVC.m */ = {isa = PBXFileReference; fileEncoding = 4; lastKnownFileType = sourcecode.c.objc; path = JY_StdVC.m; sourceTree = "<group>"; };
		D8B6B9FA19B849970080FDD4 /* User.h */ = {isa = PBXFileReference; fileEncoding = 4; lastKnownFileType = sourcecode.c.h; path = User.h; sourceTree = "<group>"; };
		D8B6B9FB19B849970080FDD4 /* User.m */ = {isa = PBXFileReference; fileEncoding = 4; lastKnownFileType = sourcecode.c.objc; path = User.m; sourceTree = "<group>"; };
		D8B6B9FD19B859BA0080FDD4 /* UserVC.h */ = {isa = PBXFileReference; fileEncoding = 4; lastKnownFileType = sourcecode.c.h; path = UserVC.h; sourceTree = "<group>"; };
		D8B6B9FE19B859BA0080FDD4 /* UserVC.m */ = {isa = PBXFileReference; fileEncoding = 4; lastKnownFileType = sourcecode.c.objc; path = UserVC.m; sourceTree = "<group>"; };
		D8E0134219BEA6C100FB40EC /* Add.xib */ = {isa = PBXFileReference; fileEncoding = 4; lastKnownFileType = file.xib; path = Add.xib; sourceTree = "<group>"; };
		D8E0134419BEA7C400FB40EC /* LinkVC.h */ = {isa = PBXFileReference; fileEncoding = 4; lastKnownFileType = sourcecode.c.h; path = LinkVC.h; sourceTree = "<group>"; };
		D8E0134519BEA7C400FB40EC /* LinkVC.m */ = {isa = PBXFileReference; fileEncoding = 4; lastKnownFileType = sourcecode.c.objc; path = LinkVC.m; sourceTree = "<group>"; };
		D8E0134719BFF2DA00FB40EC /* CarlogVC.h */ = {isa = PBXFileReference; fileEncoding = 4; lastKnownFileType = sourcecode.c.h; path = CarlogVC.h; sourceTree = "<group>"; };
		D8E0134819BFF2DA00FB40EC /* CarlogVC.m */ = {isa = PBXFileReference; fileEncoding = 4; lastKnownFileType = sourcecode.c.objc; path = CarlogVC.m; sourceTree = "<group>"; };
		D8F9046619B59BF300FD3581 /* ShopVC.h */ = {isa = PBXFileReference; fileEncoding = 4; lastKnownFileType = sourcecode.c.h; path = ShopVC.h; sourceTree = "<group>"; };
		D8F9046719B59BF300FD3581 /* ShopVC.m */ = {isa = PBXFileReference; fileEncoding = 4; lastKnownFileType = sourcecode.c.objc; path = ShopVC.m; sourceTree = "<group>"; };
		E0865F6315875F9100B46B63 /* Cars.app */ = {isa = PBXFileReference; explicitFileType = wrapper.application; includeInIndex = 0; path = Cars.app; sourceTree = BUILT_PRODUCTS_DIR; };
		E0865F6715875F9100B46B63 /* UIKit.framework */ = {isa = PBXFileReference; lastKnownFileType = wrapper.framework; name = UIKit.framework; path = System/Library/Frameworks/UIKit.framework; sourceTree = SDKROOT; };
		E0865F6915875F9100B46B63 /* Foundation.framework */ = {isa = PBXFileReference; lastKnownFileType = wrapper.framework; name = Foundation.framework; path = System/Library/Frameworks/Foundation.framework; sourceTree = SDKROOT; };
		E0865F6B15875F9100B46B63 /* CoreGraphics.framework */ = {isa = PBXFileReference; lastKnownFileType = wrapper.framework; name = CoreGraphics.framework; path = System/Library/Frameworks/CoreGraphics.framework; sourceTree = SDKROOT; };
		E0865F6F15875F9100B46B63 /* Cars-Info.plist */ = {isa = PBXFileReference; lastKnownFileType = text.plist.xml; path = "Cars-Info.plist"; sourceTree = "<group>"; };
		E0865F7115875F9100B46B63 /* en */ = {isa = PBXFileReference; lastKnownFileType = text.plist.strings; name = en; path = en.lproj/InfoPlist.strings; sourceTree = "<group>"; };
		E0865F7315875F9100B46B63 /* main.m */ = {isa = PBXFileReference; lastKnownFileType = sourcecode.c.objc; path = main.m; sourceTree = "<group>"; };
		E0865F7515875F9100B46B63 /* Cars-Prefix.pch */ = {isa = PBXFileReference; lastKnownFileType = sourcecode.c.h; path = "Cars-Prefix.pch"; sourceTree = "<group>"; };
		E0865F7615875F9100B46B63 /* AppDelegate.h */ = {isa = PBXFileReference; lastKnownFileType = sourcecode.c.h; path = AppDelegate.h; sourceTree = "<group>"; };
		E0865F7715875F9100B46B63 /* AppDelegate.m */ = {isa = PBXFileReference; lastKnownFileType = sourcecode.c.objc; path = AppDelegate.m; sourceTree = "<group>"; };
		E0865F8215875FE700B46B63 /* HomeVC.h */ = {isa = PBXFileReference; fileEncoding = 4; lastKnownFileType = sourcecode.c.h; path = HomeVC.h; sourceTree = "<group>"; };
		E0865F8315875FE700B46B63 /* HomeVC.m */ = {isa = PBXFileReference; fileEncoding = 4; lastKnownFileType = sourcecode.c.objc; path = HomeVC.m; sourceTree = "<group>"; };
		E0865F8515875FF600B46B63 /* LMenuVC.h */ = {isa = PBXFileReference; fileEncoding = 4; lastKnownFileType = sourcecode.c.h; path = LMenuVC.h; sourceTree = "<group>"; };
		E0865F8615875FF600B46B63 /* LMenuVC.m */ = {isa = PBXFileReference; fileEncoding = 4; lastKnownFileType = sourcecode.c.objc; path = LMenuVC.m; sourceTree = "<group>"; };
/* End PBXFileReference section */

/* Begin PBXFrameworksBuildPhase section */
		D86C6DCC19A867A70071A96A /* Frameworks */ = {
			isa = PBXFrameworksBuildPhase;
			buildActionMask = 2147483647;
			files = (
				D86C6DE319A8F3970071A96A /* XCTest.framework in Frameworks */,
				D86C6DD319A867A80071A96A /* UIKit.framework in Frameworks */,
				D86C6DD219A867A80071A96A /* Foundation.framework in Frameworks */,
			);
			runOnlyForDeploymentPostprocessing = 0;
		};
		E0865F6015875F9100B46B63 /* Frameworks */ = {
			isa = PBXFrameworksBuildPhase;
			buildActionMask = 2147483647;
			files = (
				D84718CC19AC77AB000106EC /* libsqlite3.0.dylib in Frameworks */,
				D85FE78319A5BE100058E73E /* SystemConfiguration.framework in Frameworks */,
				D85FE78119A5BC470058E73E /* CFNetwork.framework in Frameworks */,
				E0865F6815875F9100B46B63 /* UIKit.framework in Frameworks */,
				E0865F6A15875F9100B46B63 /* Foundation.framework in Frameworks */,
				E0865F6C15875F9100B46B63 /* CoreGraphics.framework in Frameworks */,
			);
			runOnlyForDeploymentPostprocessing = 0;
		};
/* End PBXFrameworksBuildPhase section */

/* Begin PBXGroup section */
		D84718A719AC5CAC000106EC /* FMDB */ = {
			isa = PBXGroup;
			children = (
				D84718A819AC5CAC000106EC /* FMDatabase.h */,
				D84718A919AC5CAC000106EC /* FMDatabase.m */,
				D84718AA19AC5CAC000106EC /* FMDatabaseAdditions.h */,
				D84718AB19AC5CAC000106EC /* FMDatabaseAdditions.m */,
				D84718AC19AC5CAC000106EC /* FMDatabasePool.h */,
				D84718AD19AC5CAC000106EC /* FMDatabasePool.m */,
				D84718AE19AC5CAC000106EC /* FMDatabaseQueue.h */,
				D84718AF19AC5CAC000106EC /* FMDatabaseQueue.m */,
				D84718B019AC5CAC000106EC /* FMDB.h */,
				D84718B119AC5CAC000106EC /* FMResultSet.h */,
				D84718B219AC5CAC000106EC /* FMResultSet.m */,
			);
			path = FMDB;
			sourceTree = "<group>";
		};
		D84718C619AC61E4000106EC /* Models */ = {
			isa = PBXGroup;
			children = (
				D831069019AD94F3006676BA /* Models.h */,
				D831069119AD94F3006676BA /* Models.m */,
				D8B6B9FA19B849970080FDD4 /* User.h */,
				D8B6B9FB19B849970080FDD4 /* User.m */,
			);
			name = Models;
			sourceTree = "<group>";
		};
		D85FE76D19A5A5810058E73E /* OtherLib */ = {
			isa = PBXGroup;
			children = (
				D84718A719AC5CAC000106EC /* FMDB */,
				D867F03819A73B1900697CF8 /* NSData+AESCrypt.m */,
				D867F03919A73B1900697CF8 /* NSData+AESCrypt.h */,
				D867F03A19A73B1900697CF8 /* NSString+AESCrypt.m */,
				D867F03B19A73B1900697CF8 /* NSString+AESCrypt.h */,
				D85FE77719A5B76B0058E73E /* Reachability.h */,
				D85FE77819A5B76B0058E73E /* Reachability.m */,
				D85FE76E19A5A6150058E73E /* PPRevealSideViewController.h */,
				D85FE76F19A5A6150058E73E /* PPRevealSideViewController.m */,
			);
			name = OtherLib;
			path = ../_OtherLibs;
			sourceTree = "<group>";
		};
		D85FE77319A5A72E0058E73E /* View&VCs */ = {
			isa = PBXGroup;
			children = (
				D85FE78419A5C1E20058E73E /* AboutVC.h */,
				D85FE78519A5C1E20058E73E /* AboutVC.m */,
				D8700CDF19A5E27B00FBF0F9 /* InfoVC.h */,
				D8700CE019A5E27B00FBF0F9 /* InfoVC.m */,
				D8B6B9FD19B859BA0080FDD4 /* UserVC.h */,
				D8B6B9FE19B859BA0080FDD4 /* UserVC.m */,
				D8F9046619B59BF300FD3581 /* ShopVC.h */,
				D84718C819AC632C000106EC /* CarVC.m */,
				D8F9046719B59BF300FD3581 /* ShopVC.m */,
				D84718C719AC632C000106EC /* CarVC.h */,
				D8E0134719BFF2DA00FB40EC /* CarlogVC.h */,
				D8E0134819BFF2DA00FB40EC /* CarlogVC.m */,
				D8744DFA19AD71FB0015C32D /* AppointmentVC.h */,
				D8744DFB19AD71FB0015C32D /* AppointmentVC.m */,
				D8700CE219A5E4DC00FBF0F9 /* LoginVC.h */,
				D8700CE319A5E4DC00FBF0F9 /* LoginVC.m */,
				E0865F8215875FE700B46B63 /* HomeVC.h */,
				E0865F8315875FE700B46B63 /* HomeVC.m */,
				E0865F8515875FF600B46B63 /* LMenuVC.h */,
				E0865F8615875FF600B46B63 /* LMenuVC.m */,
				D85FE77E19A5BA470058E73E /* Main.xib */,
				D8E0134419BEA7C400FB40EC /* LinkVC.h */,
				D8E0134519BEA7C400FB40EC /* LinkVC.m */,
				D8E0134219BEA6C100FB40EC /* Add.xib */,
			);
			name = "View&VCs";
			sourceTree = "<group>";
		};
		D86C6DD419A867A80071A96A /* Cars Tests */ = {
			isa = PBXGroup;
			children = (
				D86C6DDA19A867A80071A96A /* Cars_Tests.m */,
				D86C6DD519A867A80071A96A /* Supporting Files */,
			);
			path = "Cars Tests";
			sourceTree = "<group>";
		};
		D86C6DD519A867A80071A96A /* Supporting Files */ = {
			isa = PBXGroup;
			children = (
				D86C6DD619A867A80071A96A /* Cars Tests-Info.plist */,
				D86C6DD719A867A80071A96A /* InfoPlist.strings */,
				D86C6DDC19A867A80071A96A /* Cars Tests-Prefix.pch */,
			);
			name = "Supporting Files";
			sourceTree = "<group>";
		};
		D8700CE519A6E2EF00FBF0F9 /* Lib */ = {
			isa = PBXGroup;
			children = (
				D888F1E619BE938900F94A88 /* JY_StdVC.h */,
				D888F1E719BE938900F94A88 /* JY_StdVC.m */,
				D85FE77419A5B5DE0058E73E /* JY_FundationAdditions.h */,
				D85FE77519A5B5DE0058E73E /* JY_FundationAdditions.m */,
				D84718BE19AC5D66000106EC /* JY_DBHelper.h */,
				D84718BF19AC5D66000106EC /* JY_DBHelper.m */,
				D8700CE619A6E30800FBF0F9 /* JY_Request.h */,
				D8700CE719A6E30800FBF0F9 /* JY_Request.m */,
			);
			name = Lib;
			sourceTree = "<group>";
		};
		D8700CE919A6E31900FBF0F9 /* App */ = {
			isa = PBXGroup;
			children = (
				D85FE77D19A5B8870058E73E /* App_Controller.h */,
				E0865F7615875F9100B46B63 /* AppDelegate.h */,
				E0865F7715875F9100B46B63 /* AppDelegate.m */,
			);
			name = App;
			sourceTree = "<group>";
		};
		E0865F5815875F9000B46B63 = {
			isa = PBXGroup;
			children = (
				E0865F6D15875F9100B46B63 /* Cars */,
				D86C6DD419A867A80071A96A /* Cars Tests */,
				E0865F6615875F9100B46B63 /* Frameworks */,
				E0865F6415875F9100B46B63 /* Products */,
			);
			sourceTree = "<group>";
		};
		E0865F6415875F9100B46B63 /* Products */ = {
			isa = PBXGroup;
			children = (
				E0865F6315875F9100B46B63 /* Cars.app */,
				D86C6DCF19A867A70071A96A /* Cars Tests.xctest */,
			);
			name = Products;
			sourceTree = "<group>";
		};
		E0865F6615875F9100B46B63 /* Frameworks */ = {
			isa = PBXGroup;
			children = (
				D84718CB19AC77AB000106EC /* libsqlite3.0.dylib */,
				D86C6DE219A8F3970071A96A /* XCTest.framework */,
				D85FE78219A5BE100058E73E /* SystemConfiguration.framework */,
				D85FE78019A5BC470058E73E /* CFNetwork.framework */,
				E0865F6715875F9100B46B63 /* UIKit.framework */,
				E0865F6915875F9100B46B63 /* Foundation.framework */,
				E0865F6B15875F9100B46B63 /* CoreGraphics.framework */,
			);
			name = Frameworks;
			sourceTree = "<group>";
		};
		E0865F6D15875F9100B46B63 /* Cars */ = {
			isa = PBXGroup;
			children = (
				D8700CE919A6E31900FBF0F9 /* App */,
				D84718C619AC61E4000106EC /* Models */,
				D85FE77319A5A72E0058E73E /* View&VCs */,
				D8700CE519A6E2EF00FBF0F9 /* Lib */,
				D85FE76D19A5A5810058E73E /* OtherLib */,
				E0865F6E15875F9100B46B63 /* Supporting Files */,
			);
			path = Cars;
			sourceTree = "<group>";
		};
		E0865F6E15875F9100B46B63 /* Supporting Files */ = {
			isa = PBXGroup;
			children = (
				D80999C019B9ADA0003091F9 /* Images.xcassets */,
				E0865F6F15875F9100B46B63 /* Cars-Info.plist */,
				E0865F7015875F9100B46B63 /* InfoPlist.strings */,
				E0865F7315875F9100B46B63 /* main.m */,
				E0865F7515875F9100B46B63 /* Cars-Prefix.pch */,
			);
			name = "Supporting Files";
			sourceTree = "<group>";
		};
/* End PBXGroup section */

/* Begin PBXNativeTarget section */
		D86C6DCE19A867A70071A96A /* Cars Tests */ = {
			isa = PBXNativeTarget;
			buildConfigurationList = D86C6DE119A867A80071A96A /* Build configuration list for PBXNativeTarget "Cars Tests" */;
			buildPhases = (
				D86C6DCB19A867A70071A96A /* Sources */,
				D86C6DCC19A867A70071A96A /* Frameworks */,
				D86C6DCD19A867A70071A96A /* Resources */,
			);
			buildRules = (
			);
			dependencies = (
				D86C6DDE19A867A80071A96A /* PBXTargetDependency */,
			);
			name = "Cars Tests";
			productName = "Cars Tests";
			productReference = D86C6DCF19A867A70071A96A /* Cars Tests.xctest */;
			productType = "com.apple.product-type.bundle.unit-test";
		};
		E0865F6215875F9100B46B63 /* Cars */ = {
			isa = PBXNativeTarget;
			buildConfigurationList = E0865F7B15875F9100B46B63 /* Build configuration list for PBXNativeTarget "Cars" */;
			buildPhases = (
				E0865F5F15875F9100B46B63 /* Sources */,
				E0865F6015875F9100B46B63 /* Frameworks */,
				E0865F6115875F9100B46B63 /* Resources */,
			);
			buildRules = (
			);
			dependencies = (
			);
			name = Cars;
			productName = EasySample;
			productReference = E0865F6315875F9100B46B63 /* Cars.app */;
			productType = "com.apple.product-type.application";
		};
/* End PBXNativeTarget section */

/* Begin PBXProject section */
		E0865F5A15875F9000B46B63 /* Project object */ = {
			isa = PBXProject;
			attributes = {
				LastUpgradeCheck = 0430;
				TargetAttributes = {
					D86C6DCE19A867A70071A96A = {
						TestTargetID = E0865F6215875F9100B46B63;
					};
					E0865F6215875F9100B46B63 = {
						DevelopmentTeam = YXV3L9ZB93;
					};
				};
			};
			buildConfigurationList = E0865F5D15875F9000B46B63 /* Build configuration list for PBXProject "Cars" */;
			compatibilityVersion = "Xcode 3.2";
			developmentRegion = English;
			hasScannedForEncodings = 0;
			knownRegions = (
				en,
			);
			mainGroup = E0865F5815875F9000B46B63;
			productRefGroup = E0865F6415875F9100B46B63 /* Products */;
			projectDirPath = "";
			projectRoot = "";
			targets = (
				E0865F6215875F9100B46B63 /* Cars */,
				D86C6DCE19A867A70071A96A /* Cars Tests */,
			);
		};
/* End PBXProject section */

/* Begin PBXResourcesBuildPhase section */
		D86C6DCD19A867A70071A96A /* Resources */ = {
			isa = PBXResourcesBuildPhase;
			buildActionMask = 2147483647;
			files = (
				D86C6DD919A867A80071A96A /* InfoPlist.strings in Resources */,
			);
			runOnlyForDeploymentPostprocessing = 0;
		};
		E0865F6115875F9100B46B63 /* Resources */ = {
			isa = PBXResourcesBuildPhase;
			buildActionMask = 2147483647;
			files = (
				E0865F7215875F9100B46B63 /* InfoPlist.strings in Resources */,
				D8E0134319BEA6C100FB40EC /* Add.xib in Resources */,
				D80999C119B9ADA0003091F9 /* Images.xcassets in Resources */,
				D85FE77F19A5BA470058E73E /* Main.xib in Resources */,
			);
			runOnlyForDeploymentPostprocessing = 0;
		};
/* End PBXResourcesBuildPhase section */

/* Begin PBXSourcesBuildPhase section */
		D86C6DCB19A867A70071A96A /* Sources */ = {
			isa = PBXSourcesBuildPhase;
			buildActionMask = 2147483647;
			files = (
				D84718CA19AC632C000106EC /* CarVC.m in Sources */,
				D86C6DDB19A867A80071A96A /* Cars_Tests.m in Sources */,
				D84718B819AC5CAC000106EC /* FMDatabasePool.m in Sources */,
				D86C6DE519A8F9080071A96A /* JY_Request.m in Sources */,
				D84718BA19AC5CAC000106EC /* FMDatabaseQueue.m in Sources */,
				D86C6DE419A8F9050071A96A /* JY_FundationAdditions.m in Sources */,
				D84718B419AC5CAC000106EC /* FMDatabase.m in Sources */,
				D84718BC19AC5CAC000106EC /* FMResultSet.m in Sources */,
				D84718C119AC5D66000106EC /* JY_DBHelper.m in Sources */,
				D84718B619AC5CAC000106EC /* FMDatabaseAdditions.m in Sources */,
			);
			runOnlyForDeploymentPostprocessing = 0;
		};
		E0865F5F15875F9100B46B63 /* Sources */ = {
			isa = PBXSourcesBuildPhase;
			buildActionMask = 2147483647;
			files = (
				D85FE78619A5C1E20058E73E /* AboutVC.m in Sources */,
				D867F03C19A73B1900697CF8 /* NSData+AESCrypt.m in Sources */,
				E0865F7415875F9100B46B63 /* main.m in Sources */,
				D8B6B9FF19B859BA0080FDD4 /* UserVC.m in Sources */,
				D84718C919AC632C000106EC /* CarVC.m in Sources */,
				D84718B319AC5CAC000106EC /* FMDatabase.m in Sources */,
				D831069219AD94F3006676BA /* Models.m in Sources */,
				D8700CE419A5E4DC00FBF0F9 /* LoginVC.m in Sources */,
				D84718C019AC5D66000106EC /* JY_DBHelper.m in Sources */,
				D8B6B9FC19B849970080FDD4 /* User.m in Sources */,
				D85FE77619A5B5DE0058E73E /* JY_FundationAdditions.m in Sources */,
				D84718BB19AC5CAC000106EC /* FMResultSet.m in Sources */,
				D8700CE119A5E27B00FBF0F9 /* InfoVC.m in Sources */,
				D867F03D19A73B1900697CF8 /* NSString+AESCrypt.m in Sources */,
				D888F1E819BE938900F94A88 /* JY_StdVC.m in Sources */,
				E0865F7815875F9100B46B63 /* AppDelegate.m in Sources */,
				D85FE77919A5B76B0058E73E /* Reachability.m in Sources */,
				E0865F8415875FE700B46B63 /* HomeVC.m in Sources */,
				D8700CE819A6E30800FBF0F9 /* JY_Request.m in Sources */,
				D8744DFC19AD71FB0015C32D /* AppointmentVC.m in Sources */,
				E0865F8715875FF600B46B63 /* LMenuVC.m in Sources */,
				D8E0134619BEA7C400FB40EC /* LinkVC.m in Sources */,
				D8E0134919BFF2DA00FB40EC /* CarlogVC.m in Sources */,
				D84718B719AC5CAC000106EC /* FMDatabasePool.m in Sources */,
				D8F9046819B59BF300FD3581 /* ShopVC.m in Sources */,
				D84718B919AC5CAC000106EC /* FMDatabaseQueue.m in Sources */,
				D85FE77019A5A6150058E73E /* PPRevealSideViewController.m in Sources */,
				D84718B519AC5CAC000106EC /* FMDatabaseAdditions.m in Sources */,
			);
			runOnlyForDeploymentPostprocessing = 0;
		};
/* End PBXSourcesBuildPhase section */

/* Begin PBXTargetDependency section */
		D86C6DDE19A867A80071A96A /* PBXTargetDependency */ = {
			isa = PBXTargetDependency;
			target = E0865F6215875F9100B46B63 /* Cars */;
			targetProxy = D86C6DDD19A867A80071A96A /* PBXContainerItemProxy */;
		};
/* End PBXTargetDependency section */

/* Begin PBXVariantGroup section */
		D86C6DD719A867A80071A96A /* InfoPlist.strings */ = {
			isa = PBXVariantGroup;
			children = (
				D86C6DD819A867A80071A96A /* en */,
			);
			name = InfoPlist.strings;
			sourceTree = "<group>";
		};
		E0865F7015875F9100B46B63 /* InfoPlist.strings */ = {
			isa = PBXVariantGroup;
			children = (
				E0865F7115875F9100B46B63 /* en */,
			);
			name = InfoPlist.strings;
			sourceTree = "<group>";
		};
/* End PBXVariantGroup section */

/* Begin XCBuildConfiguration section */
		D86C6DDF19A867A80071A96A /* Debug */ = {
			isa = XCBuildConfiguration;
			buildSettings = {
				BUNDLE_LOADER = "$(BUILT_PRODUCTS_DIR)/Cars.app/Cars";
				CLANG_CXX_LANGUAGE_STANDARD = "gnu++0x";
				CLANG_CXX_LIBRARY = "libc++";
				CLANG_ENABLE_MODULES = YES;
				CLANG_WARN_BOOL_CONVERSION = YES;
				CLANG_WARN_CONSTANT_CONVERSION = YES;
				CLANG_WARN_DIRECT_OBJC_ISA_USAGE = YES_ERROR;
				CLANG_WARN_EMPTY_BODY = YES;
				CLANG_WARN_ENUM_CONVERSION = YES;
				CLANG_WARN_INT_CONVERSION = YES;
				CLANG_WARN_OBJC_ROOT_CLASS = YES_ERROR;
				CLANG_WARN__DUPLICATE_METHOD_MATCH = YES;
				FRAMEWORK_SEARCH_PATHS = (
					"$(SDKROOT)/Developer/Library/Frameworks",
					"$(inherited)",
					"$(DEVELOPER_FRAMEWORKS_DIR)",
				);
				GCC_PRECOMPILE_PREFIX_HEADER = YES;
				GCC_PREFIX_HEADER = "Cars Tests/Cars Tests-Prefix.pch";
				GCC_PREPROCESSOR_DEFINITIONS = (
					"DEBUG=1",
					"$(inherited)",
				);
				GCC_WARN_64_TO_32_BIT_CONVERSION = YES;
				GCC_WARN_ABOUT_RETURN_TYPE = YES_ERROR;
				GCC_WARN_UNDECLARED_SELECTOR = YES;
				GCC_WARN_UNINITIALIZED_AUTOS = YES_AGGRESSIVE;
				GCC_WARN_UNUSED_FUNCTION = YES;
				INFOPLIST_FILE = "Cars Tests/Cars Tests-Info.plist";
				IPHONEOS_DEPLOYMENT_TARGET = 7.1;
				ONLY_ACTIVE_ARCH = YES;
				PRODUCT_NAME = "$(TARGET_NAME)";
				TEST_HOST = "$(BUNDLE_LOADER)";
				WRAPPER_EXTENSION = xctest;
			};
			name = Debug;
		};
		D86C6DE019A867A80071A96A /* Release */ = {
			isa = XCBuildConfiguration;
			buildSettings = {
				BUNDLE_LOADER = "$(BUILT_PRODUCTS_DIR)/Cars.app/Cars";
				CLANG_CXX_LANGUAGE_STANDARD = "gnu++0x";
				CLANG_CXX_LIBRARY = "libc++";
				CLANG_ENABLE_MODULES = YES;
				CLANG_WARN_BOOL_CONVERSION = YES;
				CLANG_WARN_CONSTANT_CONVERSION = YES;
				CLANG_WARN_DIRECT_OBJC_ISA_USAGE = YES_ERROR;
				CLANG_WARN_EMPTY_BODY = YES;
				CLANG_WARN_ENUM_CONVERSION = YES;
				CLANG_WARN_INT_CONVERSION = YES;
				CLANG_WARN_OBJC_ROOT_CLASS = YES_ERROR;
				CLANG_WARN__DUPLICATE_METHOD_MATCH = YES;
				ENABLE_NS_ASSERTIONS = NO;
				FRAMEWORK_SEARCH_PATHS = (
					"$(SDKROOT)/Developer/Library/Frameworks",
					"$(inherited)",
					"$(DEVELOPER_FRAMEWORKS_DIR)",
				);
				GCC_PRECOMPILE_PREFIX_HEADER = YES;
				GCC_PREFIX_HEADER = "Cars Tests/Cars Tests-Prefix.pch";
				GCC_WARN_64_TO_32_BIT_CONVERSION = YES;
				GCC_WARN_ABOUT_RETURN_TYPE = YES_ERROR;
				GCC_WARN_UNDECLARED_SELECTOR = YES;
				GCC_WARN_UNINITIALIZED_AUTOS = YES_AGGRESSIVE;
				GCC_WARN_UNUSED_FUNCTION = YES;
				INFOPLIST_FILE = "Cars Tests/Cars Tests-Info.plist";
				IPHONEOS_DEPLOYMENT_TARGET = 7.1;
				PRODUCT_NAME = "$(TARGET_NAME)";
				TEST_HOST = "$(BUNDLE_LOADER)";
				WRAPPER_EXTENSION = xctest;
			};
			name = Release;
		};
		E0865F7915875F9100B46B63 /* Debug */ = {
			isa = XCBuildConfiguration;
			buildSettings = {
				ALWAYS_SEARCH_USER_PATHS = NO;
				CLANG_ENABLE_OBJC_ARC = YES;
				CLANG_WARN_BOOL_CONVERSION = YES;
				CLANG_WARN_CONSTANT_CONVERSION = YES;
				CLANG_WARN_EMPTY_BODY = YES;
				CLANG_WARN_ENUM_CONVERSION = YES;
				CLANG_WARN_INT_CONVERSION = YES;
				CLANG_WARN__DUPLICATE_METHOD_MATCH = YES;
				"CODE_SIGN_IDENTITY[sdk=iphoneos*]" = "iPhone Developer";
				COPY_PHASE_STRIP = NO;
				GCC_C_LANGUAGE_STANDARD = gnu99;
				GCC_DYNAMIC_NO_PIC = NO;
				GCC_OPTIMIZATION_LEVEL = 0;
				GCC_PREPROCESSOR_DEFINITIONS = (
					"DEBUG=1",
					"$(inherited)",
				);
				GCC_SYMBOLS_PRIVATE_EXTERN = NO;
				GCC_VERSION = com.apple.compilers.llvm.clang.1_0;
				GCC_WARN_64_TO_32_BIT_CONVERSION = YES;
				GCC_WARN_ABOUT_RETURN_TYPE = YES;
				GCC_WARN_UNDECLARED_SELECTOR = YES;
				GCC_WARN_UNINITIALIZED_AUTOS = YES;
				GCC_WARN_UNUSED_FUNCTION = YES;
				GCC_WARN_UNUSED_VARIABLE = YES;
				IPHONEOS_DEPLOYMENT_TARGET = 5.1;
				ONLY_ACTIVE_ARCH = YES;
				SDKROOT = iphoneos;
			};
			name = Debug;
		};
		E0865F7A15875F9100B46B63 /* Release */ = {
			isa = XCBuildConfiguration;
			buildSettings = {
				ALWAYS_SEARCH_USER_PATHS = NO;
				CLANG_ENABLE_OBJC_ARC = YES;
				CLANG_WARN_BOOL_CONVERSION = YES;
				CLANG_WARN_CONSTANT_CONVERSION = YES;
				CLANG_WARN_EMPTY_BODY = YES;
				CLANG_WARN_ENUM_CONVERSION = YES;
				CLANG_WARN_INT_CONVERSION = YES;
				CLANG_WARN__DUPLICATE_METHOD_MATCH = YES;
				"CODE_SIGN_IDENTITY[sdk=iphoneos*]" = "iPhone Developer";
				COPY_PHASE_STRIP = YES;
				GCC_C_LANGUAGE_STANDARD = gnu99;
				GCC_VERSION = com.apple.compilers.llvm.clang.1_0;
				GCC_WARN_64_TO_32_BIT_CONVERSION = YES;
				GCC_WARN_ABOUT_RETURN_TYPE = YES;
				GCC_WARN_UNDECLARED_SELECTOR = YES;
				GCC_WARN_UNINITIALIZED_AUTOS = YES;
				GCC_WARN_UNUSED_FUNCTION = YES;
				GCC_WARN_UNUSED_VARIABLE = YES;
				IPHONEOS_DEPLOYMENT_TARGET = 5.1;
				OTHER_CFLAGS = "-DNS_BLOCK_ASSERTIONS=1";
				SDKROOT = iphoneos;
				VALIDATE_PRODUCT = YES;
			};
			name = Release;
		};
		E0865F7C15875F9100B46B63 /* Debug */ = {
			isa = XCBuildConfiguration;
			buildSettings = {
				ASSETCATALOG_COMPILER_APPICON_NAME = AppIcon;
				ASSETCATALOG_COMPILER_LAUNCHIMAGE_NAME = LaunchImage;
				CODE_SIGN_IDENTITY = "iPhone Developer";
				GCC_PRECOMPILE_PREFIX_HEADER = YES;
				GCC_PREFIX_HEADER = "Cars/Cars-Prefix.pch";
				INFOPLIST_FILE = "$(SRCROOT)/Cars/Cars-Info.plist";
				IPHONEOS_DEPLOYMENT_TARGET = 6.1;
				PRODUCT_NAME = "$(TARGET_NAME)";
				WRAPPER_EXTENSION = app;
			};
			name = Debug;
		};
		E0865F7D15875F9100B46B63 /* Release */ = {
			isa = XCBuildConfiguration;
			buildSettings = {
				ASSETCATALOG_COMPILER_APPICON_NAME = AppIcon;
				ASSETCATALOG_COMPILER_LAUNCHIMAGE_NAME = LaunchImage;
				CODE_SIGN_IDENTITY = "iPhone Developer";
				GCC_PRECOMPILE_PREFIX_HEADER = YES;
				GCC_PREFIX_HEADER = "Cars/Cars-Prefix.pch";
				INFOPLIST_FILE = "$(SRCROOT)/Cars/Cars-Info.plist";
				IPHONEOS_DEPLOYMENT_TARGET = 6.1;
				PRODUCT_NAME = "$(TARGET_NAME)";
				WRAPPER_EXTENSION = app;
			};
			name = Release;
		};
/* End XCBuildConfiguration section */

/* Begin XCConfigurationList section */
		D86C6DE119A867A80071A96A /* Build configuration list for PBXNativeTarget "Cars Tests" */ = {
			isa = XCConfigurationList;
			buildConfigurations = (
				D86C6DDF19A867A80071A96A /* Debug */,
				D86C6DE019A867A80071A96A /* Release */,
			);
			defaultConfigurationIsVisible = 0;
			defaultConfigurationName = Release;
		};
		E0865F5D15875F9000B46B63 /* Build configuration list for PBXProject "Cars" */ = {
			isa = XCConfigurationList;
			buildConfigurations = (
				E0865F7915875F9100B46B63 /* Debug */,
				E0865F7A15875F9100B46B63 /* Release */,
			);
			defaultConfigurationIsVisible = 0;
			defaultConfigurationName = Release;
		};
		E0865F7B15875F9100B46B63 /* Build configuration list for PBXNativeTarget "Cars" */ = {
			isa = XCConfigurationList;
			buildConfigurations = (
				E0865F7C15875F9100B46B63 /* Debug */,
				E0865F7D15875F9100B46B63 /* Release */,
			);
			defaultConfigurationIsVisible = 0;
			defaultConfigurationName = Release;
		};
/* End XCConfigurationList section */
	};
	rootObject = E0865F5A15875F9000B46B63 /* Project object */;
}
